// !$*UTF8*$!
{
	archiveVersion = 1;
	classes = {
	};
	objectVersion = 46;
	objects = {

/* Begin PBXBuildFile section */
		8454E99C1EA92CEE00FE46B5 /* main.m in Sources */ = {isa = PBXBuildFile; fileRef = 8454E99B1EA92CEE00FE46B5 /* main.m */; };
		8454E99F1EA92CEE00FE46B5 /* AppDelegate.m in Sources */ = {isa = PBXBuildFile; fileRef = 8454E99E1EA92CEE00FE46B5 /* AppDelegate.m */; };
		8454E9A51EA92CEE00FE46B5 /* Main.storyboard in Resources */ = {isa = PBXBuildFile; fileRef = 8454E9A31EA92CEE00FE46B5 /* Main.storyboard */; };
		8454E9A71EA92CEE00FE46B5 /* Assets.xcassets in Resources */ = {isa = PBXBuildFile; fileRef = 8454E9A61EA92CEE00FE46B5 /* Assets.xcassets */; };
		8454E9AA1EA92CEE00FE46B5 /* LaunchScreen.storyboard in Resources */ = {isa = PBXBuildFile; fileRef = 8454E9A81EA92CEE00FE46B5 /* LaunchScreen.storyboard */; };
		BFEB25C91EA93AFE008FEB06 /* HomeViewController.m in Sources */ = {isa = PBXBuildFile; fileRef = BFEB25C81EA93AFE008FEB06 /* HomeViewController.m */; };
		BFEB25CC1EA93B17008FEB06 /* LoginViewController.m in Sources */ = {isa = PBXBuildFile; fileRef = BFEB25CB1EA93B17008FEB06 /* LoginViewController.m */; };
		BFEB25CF1EA93B2B008FEB06 /* ProfileViewController.m in Sources */ = {isa = PBXBuildFile; fileRef = BFEB25CE1EA93B2B008FEB06 /* ProfileViewController.m */; };
		BFEB25D71EA93DC5008FEB06 /* ic_cancel.png in Resources */ = {isa = PBXBuildFile; fileRef = BFEB25D21EA93DC5008FEB06 /* ic_cancel.png */; };
		BFEB25D81EA93DC5008FEB06 /* ic_cloud.png in Resources */ = {isa = PBXBuildFile; fileRef = BFEB25D31EA93DC5008FEB06 /* ic_cloud.png */; };
		BFEB25DA1EA93DC5008FEB06 /* ic_profile.png in Resources */ = {isa = PBXBuildFile; fileRef = BFEB25D51EA93DC5008FEB06 /* ic_profile.png */; };
		BFEB25DC1EA93EF8008FEB06 /* ic_logout.png in Resources */ = {isa = PBXBuildFile; fileRef = BFEB25DB1EA93EF8008FEB06 /* ic_logout.png */; };
		BFEB25DE1EA9411C008FEB06 /* ic_alert.png in Resources */ = {isa = PBXBuildFile; fileRef = BFEB25DD1EA9411C008FEB06 /* ic_alert.png */; };
		BFEB25E11EA9478A008FEB06 /* LoginGetComfirmViewController.m in Sources */ = {isa = PBXBuildFile; fileRef = BFEB25E01EA9478A008FEB06 /* LoginGetComfirmViewController.m */; };
		BFEB25E41EA950D9008FEB06 /* WatchNewsViewController.m in Sources */ = {isa = PBXBuildFile; fileRef = BFEB25E31EA950D9008FEB06 /* WatchNewsViewController.m */; };
		BFEB25F41EA95430008FEB06 /* ReportViewController.m in Sources */ = {isa = PBXBuildFile; fileRef = BFEB25F31EA95430008FEB06 /* ReportViewController.m */; };
/* End PBXBuildFile section */

/* Begin PBXFileReference section */
		8454E9971EA92CEE00FE46B5 /* 8a-ios.app */ = {isa = PBXFileReference; explicitFileType = wrapper.application; includeInIndex = 0; path = "8a-ios.app"; sourceTree = BUILT_PRODUCTS_DIR; };
		8454E99B1EA92CEE00FE46B5 /* main.m */ = {isa = PBXFileReference; lastKnownFileType = sourcecode.c.objc; path = main.m; sourceTree = "<group>"; };
		8454E99D1EA92CEE00FE46B5 /* AppDelegate.h */ = {isa = PBXFileReference; lastKnownFileType = sourcecode.c.h; name = AppDelegate.h; path = "8a-ios/AppDelegate.h"; sourceTree = "<group>"; };
		8454E99E1EA92CEE00FE46B5 /* AppDelegate.m */ = {isa = PBXFileReference; lastKnownFileType = sourcecode.c.objc; name = AppDelegate.m; path = "8a-ios/AppDelegate.m"; sourceTree = "<group>"; };
		8454E9A41EA92CEE00FE46B5 /* Base */ = {isa = PBXFileReference; lastKnownFileType = file.storyboard; name = Base; path = Base.lproj/Main.storyboard; sourceTree = "<group>"; };
		8454E9A61EA92CEE00FE46B5 /* Assets.xcassets */ = {isa = PBXFileReference; lastKnownFileType = folder.assetcatalog; name = Assets.xcassets; path = "8a-ios/Assets.xcassets"; sourceTree = "<group>"; };
		8454E9A91EA92CEE00FE46B5 /* Base */ = {isa = PBXFileReference; lastKnownFileType = file.storyboard; name = Base; path = Base.lproj/LaunchScreen.storyboard; sourceTree = "<group>"; };
		8454E9AB1EA92CEE00FE46B5 /* Info.plist */ = {isa = PBXFileReference; lastKnownFileType = text.plist.xml; name = Info.plist; path = "8a-ios/Info.plist"; sourceTree = "<group>"; };
		BFEB25C71EA93AFE008FEB06 /* HomeViewController.h */ = {isa = PBXFileReference; fileEncoding = 4; lastKnownFileType = sourcecode.c.h; name = HomeViewController.h; path = "8a-ios/ViewControllers/HomeViewController.h"; sourceTree = "<group>"; };
		BFEB25C81EA93AFE008FEB06 /* HomeViewController.m */ = {isa = PBXFileReference; fileEncoding = 4; lastKnownFileType = sourcecode.c.objc; name = HomeViewController.m; path = "8a-ios/ViewControllers/HomeViewController.m"; sourceTree = "<group>"; };
		BFEB25CA1EA93B17008FEB06 /* LoginViewController.h */ = {isa = PBXFileReference; fileEncoding = 4; lastKnownFileType = sourcecode.c.h; name = LoginViewController.h; path = "8a-ios/ViewControllers/LoginViewController.h"; sourceTree = "<group>"; };
		BFEB25CB1EA93B17008FEB06 /* LoginViewController.m */ = {isa = PBXFileReference; fileEncoding = 4; lastKnownFileType = sourcecode.c.objc; name = LoginViewController.m; path = "8a-ios/ViewControllers/LoginViewController.m"; sourceTree = "<group>"; };
		BFEB25CD1EA93B2B008FEB06 /* ProfileViewController.h */ = {isa = PBXFileReference; fileEncoding = 4; lastKnownFileType = sourcecode.c.h; name = ProfileViewController.h; path = "8a-ios/ViewControllers/ProfileViewController.h"; sourceTree = "<group>"; };
		BFEB25CE1EA93B2B008FEB06 /* ProfileViewController.m */ = {isa = PBXFileReference; fileEncoding = 4; lastKnownFileType = sourcecode.c.objc; name = ProfileViewController.m; path = "8a-ios/ViewControllers/ProfileViewController.m"; sourceTree = "<group>"; };
		BFEB25D21EA93DC5008FEB06 /* ic_cancel.png */ = {isa = PBXFileReference; lastKnownFileType = image.png; path = ic_cancel.png; sourceTree = "<group>"; };
		BFEB25D31EA93DC5008FEB06 /* ic_cloud.png */ = {isa = PBXFileReference; lastKnownFileType = image.png; path = ic_cloud.png; sourceTree = "<group>"; };
		BFEB25D51EA93DC5008FEB06 /* ic_profile.png */ = {isa = PBXFileReference; lastKnownFileType = image.png; path = ic_profile.png; sourceTree = "<group>"; };
		BFEB25DB1EA93EF8008FEB06 /* ic_logout.png */ = {isa = PBXFileReference; lastKnownFileType = image.png; path = ic_logout.png; sourceTree = "<group>"; };
		BFEB25DD1EA9411C008FEB06 /* ic_alert.png */ = {isa = PBXFileReference; lastKnownFileType = image.png; path = ic_alert.png; sourceTree = "<group>"; };
		BFEB25DF1EA9478A008FEB06 /* LoginGetComfirmViewController.h */ = {isa = PBXFileReference; fileEncoding = 4; lastKnownFileType = sourcecode.c.h; path = LoginGetComfirmViewController.h; sourceTree = "<group>"; };
		BFEB25E01EA9478A008FEB06 /* LoginGetComfirmViewController.m */ = {isa = PBXFileReference; fileEncoding = 4; lastKnownFileType = sourcecode.c.objc; path = LoginGetComfirmViewController.m; sourceTree = "<group>"; };
		BFEB25E21EA950D9008FEB06 /* WatchNewsViewController.h */ = {isa = PBXFileReference; fileEncoding = 4; lastKnownFileType = sourcecode.c.h; name = WatchNewsViewController.h; path = "8a-ios/ViewControllers/WatchNewsViewController.h"; sourceTree = "<group>"; };
		BFEB25E31EA950D9008FEB06 /* WatchNewsViewController.m */ = {isa = PBXFileReference; fileEncoding = 4; lastKnownFileType = sourcecode.c.objc; name = WatchNewsViewController.m; path = "8a-ios/ViewControllers/WatchNewsViewController.m"; sourceTree = "<group>"; };
		BFEB25F21EA95430008FEB06 /* ReportViewController.h */ = {isa = PBXFileReference; fileEncoding = 4; lastKnownFileType = sourcecode.c.h; path = ReportViewController.h; sourceTree = "<group>"; };
		BFEB25F31EA95430008FEB06 /* ReportViewController.m */ = {isa = PBXFileReference; fileEncoding = 4; lastKnownFileType = sourcecode.c.objc; path = ReportViewController.m; sourceTree = "<group>"; };
/* End PBXFileReference section */

/* Begin PBXFrameworksBuildPhase section */
		8454E9941EA92CEE00FE46B5 /* Frameworks */ = {
			isa = PBXFrameworksBuildPhase;
			buildActionMask = 2147483647;
			files = (
			);
			runOnlyForDeploymentPostprocessing = 0;
		};
/* End PBXFrameworksBuildPhase section */

/* Begin PBXGroup section */
		8454E98E1EA92CEE00FE46B5 = {
			isa = PBXGroup;
			children = (
				BFEB25C61EA93ABC008FEB06 /* ThirdParty */,
				BFEB25C21EA93A8E008FEB06 /* Common */,
				BFEB25C01EA93A7A008FEB06 /* Managment */,
				BFEB25C51EA93AAA008FEB06 /* ViewControllers */,
				8454E99D1EA92CEE00FE46B5 /* AppDelegate.h */,
				8454E99E1EA92CEE00FE46B5 /* AppDelegate.m */,
				8454E9A31EA92CEE00FE46B5 /* Main.storyboard */,
				8454E9A61EA92CEE00FE46B5 /* Assets.xcassets */,
				8454E9A81EA92CEE00FE46B5 /* LaunchScreen.storyboard */,
				8454E9AB1EA92CEE00FE46B5 /* Info.plist */,
				8454E99A1EA92CEE00FE46B5 /* Supporting Files */,
				8454E9981EA92CEE00FE46B5 /* Products */,
			);
			sourceTree = "<group>";
		};
		8454E9981EA92CEE00FE46B5 /* Products */ = {
			isa = PBXGroup;
			children = (
				8454E9971EA92CEE00FE46B5 /* 8a-ios.app */,
			);
			name = Products;
			sourceTree = "<group>";
		};
		8454E99A1EA92CEE00FE46B5 /* Supporting Files */ = {
			isa = PBXGroup;
			children = (
				BFEB25D01EA93DC5008FEB06 /* resource */,
				8454E99B1EA92CEE00FE46B5 /* main.m */,
			);
			name = "Supporting Files";
			path = "8a-ios";
			sourceTree = "<group>";
		};
		BFEB25C01EA93A7A008FEB06 /* Managment */ = {
			isa = PBXGroup;
			children = (
			);
			name = Managment;
			sourceTree = "<group>";
		};
		BFEB25C21EA93A8E008FEB06 /* Common */ = {
			isa = PBXGroup;
			children = (
			);
			name = Common;
			sourceTree = "<group>";
		};
		BFEB25C51EA93AAA008FEB06 /* ViewControllers */ = {
			isa = PBXGroup;
			children = (
				BFEB25C71EA93AFE008FEB06 /* HomeViewController.h */,
				BFEB25C81EA93AFE008FEB06 /* HomeViewController.m */,
				BFEB25CA1EA93B17008FEB06 /* LoginViewController.h */,
				BFEB25CB1EA93B17008FEB06 /* LoginViewController.m */,
				BFEB25CD1EA93B2B008FEB06 /* ProfileViewController.h */,
				BFEB25CE1EA93B2B008FEB06 /* ProfileViewController.m */,
				BFEB25DF1EA9478A008FEB06 /* LoginGetComfirmViewController.h */,
				BFEB25E01EA9478A008FEB06 /* LoginGetComfirmViewController.m */,
				BFEB25E21EA950D9008FEB06 /* WatchNewsViewController.h */,
				BFEB25E31EA950D9008FEB06 /* WatchNewsViewController.m */,
				BFEB25F21EA95430008FEB06 /* ReportViewController.h */,
				BFEB25F31EA95430008FEB06 /* ReportViewController.m */,
			);
			name = ViewControllers;
			sourceTree = "<group>";
		};
		BFEB25C61EA93ABC008FEB06 /* ThirdParty */ = {
			isa = PBXGroup;
			children = (
			);
			name = ThirdParty;
			sourceTree = "<group>";
		};
		BFEB25D01EA93DC5008FEB06 /* resource */ = {
			isa = PBXGroup;
			children = (
				BFEB25DD1EA9411C008FEB06 /* ic_alert.png */,
				BFEB25DB1EA93EF8008FEB06 /* ic_logout.png */,
				BFEB25D21EA93DC5008FEB06 /* ic_cancel.png */,
				BFEB25D31EA93DC5008FEB06 /* ic_cloud.png */,
				BFEB25D51EA93DC5008FEB06 /* ic_profile.png */,
			);
			path = resource;
			sourceTree = "<group>";
		};
/* End PBXGroup section */

/* Begin PBXNativeTarget section */
		8454E9961EA92CEE00FE46B5 /* 8a-ios */ = {
			isa = PBXNativeTarget;
			buildConfigurationList = 8454E9AE1EA92CEE00FE46B5 /* Build configuration list for PBXNativeTarget "8a-ios" */;
			buildPhases = (
				8454E9931EA92CEE00FE46B5 /* Sources */,
				8454E9941EA92CEE00FE46B5 /* Frameworks */,
				8454E9951EA92CEE00FE46B5 /* Resources */,
			);
			buildRules = (
			);
			dependencies = (
			);
			name = "8a-ios";
			productName = "8a-ios";
			productReference = 8454E9971EA92CEE00FE46B5 /* 8a-ios.app */;
			productType = "com.apple.product-type.application";
		};
/* End PBXNativeTarget section */

/* Begin PBXProject section */
		8454E98F1EA92CEE00FE46B5 /* Project object */ = {
			isa = PBXProject;
			attributes = {
				LastUpgradeCheck = 0830;
				ORGANIZATIONNAME = "Allfree Group LLC";
				TargetAttributes = {
					8454E9961EA92CEE00FE46B5 = {
						CreatedOnToolsVersion = 8.3.1;
						DevelopmentTeam = LUAC2HR6G4;
						ProvisioningStyle = Automatic;
					};
				};
			};
			buildConfigurationList = 8454E9921EA92CEE00FE46B5 /* Build configuration list for PBXProject "8a-ios" */;
			compatibilityVersion = "Xcode 3.2";
			developmentRegion = English;
			hasScannedForEncodings = 0;
			knownRegions = (
				en,
				Base,
			);
			mainGroup = 8454E98E1EA92CEE00FE46B5;
			productRefGroup = 8454E9981EA92CEE00FE46B5 /* Products */;
			projectDirPath = "";
			projectRoot = "";
			targets = (
				8454E9961EA92CEE00FE46B5 /* 8a-ios */,
			);
		};
/* End PBXProject section */

/* Begin PBXResourcesBuildPhase section */
		8454E9951EA92CEE00FE46B5 /* Resources */ = {
			isa = PBXResourcesBuildPhase;
			buildActionMask = 2147483647;
			files = (
				8454E9AA1EA92CEE00FE46B5 /* LaunchScreen.storyboard in Resources */,
				8454E9A71EA92CEE00FE46B5 /* Assets.xcassets in Resources */,
				BFEB25DE1EA9411C008FEB06 /* ic_alert.png in Resources */,
				BFEB25DC1EA93EF8008FEB06 /* ic_logout.png in Resources */,
				BFEB25D81EA93DC5008FEB06 /* ic_cloud.png in Resources */,
				BFEB25DA1EA93DC5008FEB06 /* ic_profile.png in Resources */,
				8454E9A51EA92CEE00FE46B5 /* Main.storyboard in Resources */,
				BFEB25D71EA93DC5008FEB06 /* ic_cancel.png in Resources */,
			);
			runOnlyForDeploymentPostprocessing = 0;
		};
/* End PBXResourcesBuildPhase section */

/* Begin PBXSourcesBuildPhase section */
		8454E9931EA92CEE00FE46B5 /* Sources */ = {
			isa = PBXSourcesBuildPhase;
			buildActionMask = 2147483647;
			files = (
				8454E99F1EA92CEE00FE46B5 /* AppDelegate.m in Sources */,
				BFEB25E41EA950D9008FEB06 /* WatchNewsViewController.m in Sources */,
				8454E99C1EA92CEE00FE46B5 /* main.m in Sources */,
				BFEB25C91EA93AFE008FEB06 /* HomeViewController.m in Sources */,
				BFEB25CF1EA93B2B008FEB06 /* ProfileViewController.m in Sources */,
				BFEB25F41EA95430008FEB06 /* ReportViewController.m in Sources */,
				BFEB25CC1EA93B17008FEB06 /* LoginViewController.m in Sources */,
				BFEB25E11EA9478A008FEB06 /* LoginGetComfirmViewController.m in Sources */,
			);
			runOnlyForDeploymentPostprocessing = 0;
		};
/* End PBXSourcesBuildPhase section */

/* Begin PBXVariantGroup section */
		8454E9A31EA92CEE00FE46B5 /* Main.storyboard */ = {
			isa = PBXVariantGroup;
			children = (
				8454E9A41EA92CEE00FE46B5 /* Base */,
			);
			name = Main.storyboard;
			path = "8a-ios";
			sourceTree = "<group>";
		};
		8454E9A81EA92CEE00FE46B5 /* LaunchScreen.storyboard */ = {
			isa = PBXVariantGroup;
			children = (
				8454E9A91EA92CEE00FE46B5 /* Base */,
			);
			name = LaunchScreen.storyboard;
			path = "8a-ios";
			sourceTree = "<group>";
		};
/* End PBXVariantGroup section */

/* Begin XCBuildConfiguration section */
		8454E9AC1EA92CEE00FE46B5 /* Debug */ = {
			isa = XCBuildConfiguration;
			buildSettings = {
				ALWAYS_SEARCH_USER_PATHS = NO;
				CLANG_ANALYZER_NONNULL = YES;
				CLANG_ANALYZER_NUMBER_OBJECT_CONVERSION = YES_AGGRESSIVE;
				CLANG_CXX_LANGUAGE_STANDARD = "gnu++0x";
				CLANG_CXX_LIBRARY = "libc++";
				CLANG_ENABLE_MODULES = YES;
				CLANG_ENABLE_OBJC_ARC = YES;
				CLANG_WARN_BOOL_CONVERSION = YES;
				CLANG_WARN_CONSTANT_CONVERSION = YES;
				CLANG_WARN_DIRECT_OBJC_ISA_USAGE = YES_ERROR;
				CLANG_WARN_DOCUMENTATION_COMMENTS = YES;
				CLANG_WARN_EMPTY_BODY = YES;
				CLANG_WARN_ENUM_CONVERSION = YES;
				CLANG_WARN_INFINITE_RECURSION = YES;
				CLANG_WARN_INT_CONVERSION = YES;
				CLANG_WARN_OBJC_ROOT_CLASS = YES_ERROR;
				CLANG_WARN_SUSPICIOUS_MOVE = YES;
				CLANG_WARN_UNREACHABLE_CODE = YES;
				CLANG_WARN__DUPLICATE_METHOD_MATCH = YES;
				"CODE_SIGN_IDENTITY[sdk=iphoneos*]" = "iPhone Developer";
				COPY_PHASE_STRIP = NO;
				DEBUG_INFORMATION_FORMAT = dwarf;
				ENABLE_STRICT_OBJC_MSGSEND = YES;
				ENABLE_TESTABILITY = YES;
				GCC_C_LANGUAGE_STANDARD = gnu99;
				GCC_DYNAMIC_NO_PIC = NO;
				GCC_NO_COMMON_BLOCKS = YES;
				GCC_OPTIMIZATION_LEVEL = 0;
				GCC_PREPROCESSOR_DEFINITIONS = (
					"DEBUG=1",
					"$(inherited)",
				);
				GCC_WARN_64_TO_32_BIT_CONVERSION = YES;
				GCC_WARN_ABOUT_RETURN_TYPE = YES_ERROR;
				GCC_WARN_UNDECLARED_SELECTOR = YES;
				GCC_WARN_UNINITIALIZED_AUTOS = YES_AGGRESSIVE;
				GCC_WARN_UNUSED_FUNCTION = YES;
				GCC_WARN_UNUSED_VARIABLE = YES;
				IPHONEOS_DEPLOYMENT_TARGET = 10.3;
				MTL_ENABLE_DEBUG_INFO = YES;
				ONLY_ACTIVE_ARCH = YES;
				SDKROOT = iphoneos;
				TARGETED_DEVICE_FAMILY = "1,2";
			};
			name = Debug;
		};
		8454E9AD1EA92CEE00FE46B5 /* Release */ = {
			isa = XCBuildConfiguration;
			buildSettings = {
				ALWAYS_SEARCH_USER_PATHS = NO;
				CLANG_ANALYZER_NONNULL = YES;
				CLANG_ANALYZER_NUMBER_OBJECT_CONVERSION = YES_AGGRESSIVE;
				CLANG_CXX_LANGUAGE_STANDARD = "gnu++0x";
				CLANG_CXX_LIBRARY = "libc++";
				CLANG_ENABLE_MODULES = YES;
				CLANG_ENABLE_OBJC_ARC = YES;
				CLANG_WARN_BOOL_CONVERSION = YES;
				CLANG_WARN_CONSTANT_CONVERSION = YES;
				CLANG_WARN_DIRECT_OBJC_ISA_USAGE = YES_ERROR;
				CLANG_WARN_DOCUMENTATION_COMMENTS = YES;
				CLANG_WARN_EMPTY_BODY = YES;
				CLANG_WARN_ENUM_CONVERSION = YES;
				CLANG_WARN_INFINITE_RECURSION = YES;
				CLANG_WARN_INT_CONVERSION = YES;
				CLANG_WARN_OBJC_ROOT_CLASS = YES_ERROR;
				CLANG_WARN_SUSPICIOUS_MOVE = YES;
				CLANG_WARN_UNREACHABLE_CODE = YES;
				CLANG_WARN__DUPLICATE_METHOD_MATCH = YES;
				"CODE_SIGN_IDENTITY[sdk=iphoneos*]" = "iPhone Developer";
				COPY_PHASE_STRIP = NO;
				DEBUG_INFORMATION_FORMAT = "dwarf-with-dsym";
				ENABLE_NS_ASSERTIONS = NO;
				ENABLE_STRICT_OBJC_MSGSEND = YES;
				GCC_C_LANGUAGE_STANDARD = gnu99;
				GCC_NO_COMMON_BLOCKS = YES;
				GCC_WARN_64_TO_32_BIT_CONVERSION = YES;
				GCC_WARN_ABOUT_RETURN_TYPE = YES_ERROR;
				GCC_WARN_UNDECLARED_SELECTOR = YES;
				GCC_WARN_UNINITIALIZED_AUTOS = YES_AGGRESSIVE;
				GCC_WARN_UNUSED_FUNCTION = YES;
				GCC_WARN_UNUSED_VARIABLE = YES;
				IPHONEOS_DEPLOYMENT_TARGET = 10.3;
				MTL_ENABLE_DEBUG_INFO = NO;
				SDKROOT = iphoneos;
				TARGETED_DEVICE_FAMILY = "1,2";
				VALIDATE_PRODUCT = YES;
			};
			name = Release;
		};
		8454E9AF1EA92CEE00FE46B5 /* Debug */ = {
			isa = XCBuildConfiguration;
			buildSettings = {
				ASSETCATALOG_COMPILER_APPICON_NAME = AppIcon;
				DEVELOPMENT_TEAM = LUAC2HR6G4;
				INFOPLIST_FILE = "8a-ios/Info.plist";
				IPHONEOS_DEPLOYMENT_TARGET = 10.0;
				LD_RUNPATH_SEARCH_PATHS = "$(inherited) @executable_path/Frameworks";
				PRODUCT_BUNDLE_IDENTIFIER = com.car.videocarsales;
				PRODUCT_NAME = "$(TARGET_NAME)";
			};
			name = Debug;
		};
		8454E9B01EA92CEE00FE46B5 /* Release */ = {
			isa = XCBuildConfiguration;
			buildSettings = {
				ASSETCATALOG_COMPILER_APPICON_NAME = AppIcon;
				DEVELOPMENT_TEAM = LUAC2HR6G4;
				INFOPLIST_FILE = "8a-ios/Info.plist";
				IPHONEOS_DEPLOYMENT_TARGET = 10.0;
				LD_RUNPATH_SEARCH_PATHS = "$(inherited) @executable_path/Frameworks";
				PRODUCT_BUNDLE_IDENTIFIER = com.car.videocarsales;
				PRODUCT_NAME = "$(TARGET_NAME)";
			};
			name = Release;
		};
/* End XCBuildConfiguration section */

/* Begin XCConfigurationList section */
		8454E9921EA92CEE00FE46B5 /* Build configuration list for PBXProject "8a-ios" */ = {
			isa = XCConfigurationList;
			buildConfigurations = (
				8454E9AC1EA92CEE00FE46B5 /* Debug */,
				8454E9AD1EA92CEE00FE46B5 /* Release */,
			);
			defaultConfigurationIsVisible = 0;
			defaultConfigurationName = Release;
		};
		8454E9AE1EA92CEE00FE46B5 /* Build configuration list for PBXNativeTarget "8a-ios" */ = {
			isa = XCConfigurationList;
			buildConfigurations = (
				8454E9AF1EA92CEE00FE46B5 /* Debug */,
				8454E9B01EA92CEE00FE46B5 /* Release */,
			);
			defaultConfigurationIsVisible = 0;
			defaultConfigurationName = Release;
		};
/* End XCConfigurationList section */
	};
	rootObject = 8454E98F1EA92CEE00FE46B5 /* Project object */;
}
